
Microsoft Visual Studio Solution File, Format Version 12.00
# Visual Studio Version 17
VisualStudioVersion = 17.3.32825.248
MinimumVisualStudioVersion = 10.0.40219.1
Project("{8BC9CEB8-8B4A-11D0-8D11-00A0C91BC942}") = "AVL", "AVL\AVL.vcxproj", "{6428702A-8418-40BF-8BC5-56ED3C111C93}"
EndProject
Global
	GlobalSection(SolutionConfigurationPlatforms) = preSolution
		Debug|x64 = Debug|x64
		Debug|x86 = Debug|x86
		Release|x64 = Release|x64
		Release|x86 = Release|x86
	EndGlobalSection
	GlobalSection(ProjectConfigurationPlatforms) = postSolution
		{6428702A-8418-40BF-8BC5-56ED3C111C93}.Debug|x64.ActiveCfg = Debug|x64
		{6428702A-8418-40BF-8BC5-56ED3C111C93}.Debug|x64.Build.0 = Debug|x64
		{6428702A-8418-40BF-8BC5-56ED3C111C93}.Debug|x86.ActiveCfg = Debug|Win32
		{6428702A-8418-40BF-8BC5-56ED3C111C93}.Debug|x86.Build.0 = Debug|Win32
		{6428702A-8418-40BF-8BC5-56ED3C111C93}.Release|x64.ActiveCfg = Release|x64
		{6428702A-8418-40BF-8BC5-56ED3C111C93}.Release|x64.Build.0 = Release|x64
		{6428702A-8418-40BF-8BC5-56ED3C111C93}.Release|x86.ActiveCfg = Release|Win32
		{6428702A-8418-40BF-8BC5-56ED3C111C93}.Release|x86.Build.0 = Release|Win32
	EndGlobalSection
	GlobalSection(SolutionProperties) = preSolution
		HideSolutionNode = FALSE
	EndGlobalSection
	GlobalSection(ExtensibilityGlobals) = postSolution
		SolutionGuid = {A401FE5A-91E8-4496-ADAA-C8FBB60C1680}
	EndGlobalSection
EndGlobal
